
Microsoft Visual Studio Solution File, Format Version 12.00
# Visual Studio Version 17
VisualStudioVersion = 17.14.36518.9
MinimumVisualStudioVersion = 10.0.40219.1
Project("{8BC9CEB8-8B4A-11D0-8D11-00A0C91BC942}") = "OPLplayer", "OPLplayer.vcxproj", "{C63B32D6-EE99-4E4A-8E41-9D4CA3039EC0}"
EndProject
Global
	GlobalSection(SolutionConfigurationPlatforms) = preSolution
		Debug|Win32 = Debug|Win32
		Debug|x64 = Debug|x64
		Release|Win32 = Release|Win32
		Release|x64 = Release|x64
	EndGlobalSection
	GlobalSection(ProjectConfigurationPlatforms) = postSolution
		{C63B32D6-EE99-4E4A-8E41-9D4CA3039EC0}.Debug|Win32.ActiveCfg = Debug|Win32
		{C63B32D6-EE99-4E4A-8E41-9D4CA3039EC0}.Debug|Win32.Build.0 = Debug|Win32
		{C63B32D6-EE99-4E4A-8E41-9D4CA3039EC0}.Debug|x64.ActiveCfg = Debug|x64
		{C63B32D6-EE99-4E4A-8E41-9D4CA3039EC0}.Debug|x64.Build.0 = Debug|x64
		{C63B32D6-EE99-4E4A-8E41-9D4CA3039EC0}.Release|Win32.ActiveCfg = Release|Win32
		{C63B32D6-EE99-4E4A-8E41-9D4CA3039EC0}.Release|Win32.Build.0 = Release|Win32
		{C63B32D6-EE99-4E4A-8E41-9D4CA3039EC0}.Release|x64.ActiveCfg = Release|x64
		{C63B32D6-EE99-4E4A-8E41-9D4CA3039EC0}.Release|x64.Build.0 = Release|x64
	EndGlobalSection
	GlobalSection(SolutionProperties) = preSolution
		HideSolutionNode = FALSE
	EndGlobalSection
	GlobalSection(ExtensibilityGlobals) = postSolution
		SolutionGuid = {9ED57F84-2916-4839-990F-43404B0347CB}
	EndGlobalSection
EndGlobal
